<?xml version="1.0" encoding="utf-8"?>
<Project ToolsVersion="4.0" xmlns="http://schemas.microsoft.com/developer/msbuild/2003">
  <ItemGroup>
    <Filter Include="Source Files">
      <UniqueIdentifier>{4FC737F1-C7A5-4376-A066-2A32D752A2FF}</UniqueIdentifier>
      <Extensions>cpp;c;cc;cxx;def;odl;idl;hpj;bat;asm;asmx</Extensions>
    </Filter>
    <Filter Include="Header Files">
      <UniqueIdentifier>{93995380-89BD-4b04-88EB-625FBE52EBFB}</UniqueIdentifier>
      <Extensions>h;hh;hpp;hxx;hm;inl;inc;ipp;xsd</Extensions>
    </Filter>
    <Filter Include="Resource Files">
      <UniqueIdentifier>{67DA6AB6-F800-4c08-8B7A-83BB121AAD01}</UniqueIdentifier>
      <Extensions>rc;ico;cur;bmp;dlg;rc2;rct;bin;rgs;gif;jpg;jpeg;jpe;resx;tiff;tif;png;wav;mfcribbon-ms</Extensions>
    </Filter>
    <Filter Include="Resource Files\Cfg">
      <UniqueIdentifier>{7718617b-9b9f-470b-8827-656689ae0f7f}</UniqueIdentifier>
    </Filter>
  </ItemGroup>
  <ItemGroup>
    <ClInclude Include="pch.h">
      <Filter>Header Files</Filter>
    </ClInclude>
    <ClInclude Include="ItemIDInfo.h">
      <Filter>Header Files</Filter>
    </ClInclude>
    <ClInclude Include="PoeItem.h">
      <Filter>Header Files</Filter>
    </ClInclude>
    <ClInclude Include="PoeMod.h">
      <Filter>Header Files</Filter>
    </ClInclude>
    <ClInclude Include="Colors.h">
      <Filter>Header Files</Filter>
    </ClInclude>
    <ClInclude Include="ModFilter.h">
      <Filter>Header Files</Filter>
    </ClInclude>
  </ItemGroup>
  <ItemGroup>
    <ClCompile Include="pch.cpp">
      <Filter>Source Files</Filter>
    </ClCompile>
    <ClCompile Include="ItemIDInfo.cpp">
      <Filter>Source Files</Filter>
    </ClCompile>
    <ClCompile Include="PoeMod.cpp">
      <Filter>Source Files</Filter>
    </ClCompile>
    <ClCompile Include="PoeItem.cpp">
      <Filter>Source Files</Filter>
    </ClCompile>
    <ClCompile Include="ModFilter.cpp">
      <Filter>Source Files</Filter>
    </ClCompile>
  </ItemGroup>
  <ItemGroup>
    <Text Include="Read Me.txt">
      <Filter>Resource Files</Filter>
    </Text>
  </ItemGroup>
  <ItemGroup>
    <None Include="CFG\Maps.cfg">
      <Filter>Resource Files\Cfg</Filter>
    </None>
    <None Include="CFG\Rings.cfg">
      <Filter>Resource Files\Cfg</Filter>
    </None>
    <None Include="CFG\Amulets.cfg">
      <Filter>Resource Files\Cfg</Filter>
    </None>
    <None Include="CFG\Belts.cfg">
      <Filter>Resource Files\Cfg</Filter>
    </None>
    <None Include="CFG\Weapons.cfg">
      <Filter>Resource Files\Cfg</Filter>
    </None>
    <None Include="CFG\Flasks.cfg">
      <Filter>Resource Files\Cfg</Filter>
    </None>
    <None Include="CFG\Jewels.cfg">
      <Filter>Resource Files\Cfg</Filter>
    </None>
    <None Include="CFG\Uniques.cfg">
      <Filter>Resource Files\Cfg</Filter>
    </None>
  </ItemGroup>
</Project>